
Microsoft Visual Studio Solution File, Format Version 12.00
# Visual Studio Version 17
VisualStudioVersion = 17.7.34202.233
MinimumVisualStudioVersion = 10.0.40219.1
Project("{FAE04EC0-301F-11D3-BF4B-00C04F79EFBC}") = "InventoryManager", "InventoryManager\InventoryManager.csproj", "{113A63C9-2AE4-41D7-B925-29E2FE4EBE06}"
EndProject
Global
	GlobalSection(SolutionConfigurationPlatforms) = preSolution
		Debug|Any CPU = Debug|Any CPU
		Release|Any CPU = Release|Any CPU
	EndGlobalSection
	GlobalSection(ProjectConfigurationPlatforms) = postSolution
		{113A63C9-2AE4-41D7-B925-29E2FE4EBE06}.Debug|Any CPU.ActiveCfg = Debug|Any CPU
		{113A63C9-2AE4-41D7-B925-29E2FE4EBE06}.Debug|Any CPU.Build.0 = Debug|Any CPU
		{113A63C9-2AE4-41D7-B925-29E2FE4EBE06}.Release|Any CPU.ActiveCfg = Release|Any CPU
		{113A63C9-2AE4-41D7-B925-29E2FE4EBE06}.Release|Any CPU.Build.0 = Release|Any CPU
	EndGlobalSection
	GlobalSection(SolutionProperties) = preSolution
		HideSolutionNode = FALSE
	EndGlobalSection
	GlobalSection(ExtensibilityGlobals) = postSolution
		SolutionGuid = {41B355E0-382B-46F2-B6B8-FCCC43878AF6}
	EndGlobalSection
EndGlobal
